
Microsoft Visual Studio Solution File, Format Version 12.00
# Visual Studio 2013
VisualStudioVersion = 12.0.31101.0
MinimumVisualStudioVersion = 10.0.40219.1
Project("{8BC9CEB8-8B4A-11D0-8D11-00A0C91BC942}") = "SdkPort", "SdkPort\SdkPOrt.vcxproj", "{7A8DEDAC-77AB-4C0D-85EF-0B06579739FB}"
EndProject
Project("{8BC9CEB8-8B4A-11D0-8D11-00A0C91BC942}") = "SdkBridge", "SdkBridge\SdkBridge.vcxproj", "{20DF1A91-D0F9-475A-9544-8C8B6050958E}"
EndProject
Project("{FAE04EC0-301F-11D3-BF4B-00C04F79EFBC}") = "VolcaSampleCmdLineTool", "VolcaSampleCmdLineTool\VolcaSampleCmdLineTool.csproj", "{BE5C9106-A879-4922-9BC8-C1BC5ED6B1F0}"
EndProject
Project("{2150E333-8FDC-42A3-9474-1A3956D46DE8}") = ".nuget", ".nuget", "{58D4DE46-4FDF-453B-A467-FDCE51DB4DAC}"
	ProjectSection(SolutionItems) = preProject
		.nuget\NuGet.Config = .nuget\NuGet.Config
		.nuget\NuGet.exe = .nuget\NuGet.exe
		.nuget\NuGet.targets = .nuget\NuGet.targets
	EndProjectSection
EndProject
Project("{2150E333-8FDC-42A3-9474-1A3956D46DE8}") = "Solution Items", "Solution Items", "{1C55A654-C378-43B4-AD91-C51182F79F31}"
	ProjectSection(SolutionItems) = preProject
		AllData\all_sample_empty.alldata = AllData\all_sample_empty.alldata
		AllData\all_sample_preset.alldata = AllData\all_sample_preset.alldata
	EndProjectSection
EndProject
Project("{FAE04EC0-301F-11D3-BF4B-00C04F79EFBC}") = "VolcaSampleCmdLineTool.Tests", "UnitTestProject1\VolcaSampleCmdLineTool.Tests.csproj", "{612B23FF-04A7-4F6D-950C-05B04DEF118A}"
EndProject
Global
	GlobalSection(SolutionConfigurationPlatforms) = preSolution
		Debug|Any CPU = Debug|Any CPU
		Debug|Mixed Platforms = Debug|Mixed Platforms
		Debug|Win32 = Debug|Win32
		Release|Any CPU = Release|Any CPU
		Release|Mixed Platforms = Release|Mixed Platforms
		Release|Win32 = Release|Win32
	EndGlobalSection
	GlobalSection(ProjectConfigurationPlatforms) = postSolution
		{7A8DEDAC-77AB-4C0D-85EF-0B06579739FB}.Debug|Any CPU.ActiveCfg = Debug|Win32
		{7A8DEDAC-77AB-4C0D-85EF-0B06579739FB}.Debug|Mixed Platforms.ActiveCfg = Debug|Win32
		{7A8DEDAC-77AB-4C0D-85EF-0B06579739FB}.Debug|Mixed Platforms.Build.0 = Debug|Win32
		{7A8DEDAC-77AB-4C0D-85EF-0B06579739FB}.Debug|Win32.ActiveCfg = Debug|Win32
		{7A8DEDAC-77AB-4C0D-85EF-0B06579739FB}.Debug|Win32.Build.0 = Debug|Win32
		{7A8DEDAC-77AB-4C0D-85EF-0B06579739FB}.Release|Any CPU.ActiveCfg = Release|Win32
		{7A8DEDAC-77AB-4C0D-85EF-0B06579739FB}.Release|Mixed Platforms.ActiveCfg = Release|Win32
		{7A8DEDAC-77AB-4C0D-85EF-0B06579739FB}.Release|Mixed Platforms.Build.0 = Release|Win32
		{7A8DEDAC-77AB-4C0D-85EF-0B06579739FB}.Release|Win32.ActiveCfg = Release|Win32
		{7A8DEDAC-77AB-4C0D-85EF-0B06579739FB}.Release|Win32.Build.0 = Release|Win32
		{20DF1A91-D0F9-475A-9544-8C8B6050958E}.Debug|Any CPU.ActiveCfg = Debug|Win32
		{20DF1A91-D0F9-475A-9544-8C8B6050958E}.Debug|Mixed Platforms.ActiveCfg = Debug|Win32
		{20DF1A91-D0F9-475A-9544-8C8B6050958E}.Debug|Mixed Platforms.Build.0 = Debug|Win32
		{20DF1A91-D0F9-475A-9544-8C8B6050958E}.Debug|Win32.ActiveCfg = Debug|Win32
		{20DF1A91-D0F9-475A-9544-8C8B6050958E}.Debug|Win32.Build.0 = Debug|Win32
		{20DF1A91-D0F9-475A-9544-8C8B6050958E}.Release|Any CPU.ActiveCfg = Release|Win32
		{20DF1A91-D0F9-475A-9544-8C8B6050958E}.Release|Mixed Platforms.ActiveCfg = Release|Win32
		{20DF1A91-D0F9-475A-9544-8C8B6050958E}.Release|Mixed Platforms.Build.0 = Release|Win32
		{20DF1A91-D0F9-475A-9544-8C8B6050958E}.Release|Win32.ActiveCfg = Release|Win32
		{20DF1A91-D0F9-475A-9544-8C8B6050958E}.Release|Win32.Build.0 = Release|Win32
		{BE5C9106-A879-4922-9BC8-C1BC5ED6B1F0}.Debug|Any CPU.ActiveCfg = Debug|Any CPU
		{BE5C9106-A879-4922-9BC8-C1BC5ED6B1F0}.Debug|Any CPU.Build.0 = Debug|Any CPU
		{BE5C9106-A879-4922-9BC8-C1BC5ED6B1F0}.Debug|Mixed Platforms.ActiveCfg = Debug|Any CPU
		{BE5C9106-A879-4922-9BC8-C1BC5ED6B1F0}.Debug|Mixed Platforms.Build.0 = Debug|Any CPU
		{BE5C9106-A879-4922-9BC8-C1BC5ED6B1F0}.Debug|Win32.ActiveCfg = Debug|Any CPU
		{BE5C9106-A879-4922-9BC8-C1BC5ED6B1F0}.Release|Any CPU.ActiveCfg = Release|Any CPU
		{BE5C9106-A879-4922-9BC8-C1BC5ED6B1F0}.Release|Any CPU.Build.0 = Release|Any CPU
		{BE5C9106-A879-4922-9BC8-C1BC5ED6B1F0}.Release|Mixed Platforms.ActiveCfg = Release|Any CPU
		{BE5C9106-A879-4922-9BC8-C1BC5ED6B1F0}.Release|Mixed Platforms.Build.0 = Release|Any CPU
		{BE5C9106-A879-4922-9BC8-C1BC5ED6B1F0}.Release|Win32.ActiveCfg = Release|Any CPU
		{612B23FF-04A7-4F6D-950C-05B04DEF118A}.Debug|Any CPU.ActiveCfg = Debug|Any CPU
		{612B23FF-04A7-4F6D-950C-05B04DEF118A}.Debug|Any CPU.Build.0 = Debug|Any CPU
		{612B23FF-04A7-4F6D-950C-05B04DEF118A}.Debug|Mixed Platforms.ActiveCfg = Debug|Any CPU
		{612B23FF-04A7-4F6D-950C-05B04DEF118A}.Debug|Mixed Platforms.Build.0 = Debug|Any CPU
		{612B23FF-04A7-4F6D-950C-05B04DEF118A}.Debug|Win32.ActiveCfg = Debug|Any CPU
		{612B23FF-04A7-4F6D-950C-05B04DEF118A}.Release|Any CPU.ActiveCfg = Release|Any CPU
		{612B23FF-04A7-4F6D-950C-05B04DEF118A}.Release|Any CPU.Build.0 = Release|Any CPU
		{612B23FF-04A7-4F6D-950C-05B04DEF118A}.Release|Mixed Platforms.ActiveCfg = Release|Any CPU
		{612B23FF-04A7-4F6D-950C-05B04DEF118A}.Release|Mixed Platforms.Build.0 = Release|Any CPU
		{612B23FF-04A7-4F6D-950C-05B04DEF118A}.Release|Win32.ActiveCfg = Release|Any CPU
	EndGlobalSection
	GlobalSection(SolutionProperties) = preSolution
		HideSolutionNode = FALSE
	EndGlobalSection
EndGlobal
